
Microsoft Visual Studio Solution File, Format Version 12.00
# Visual Studio 15
VisualStudioVersion = 15.0.27703.2035
MinimumVisualStudioVersion = 10.0.40219.1
Project("{8BC9CEB8-8B4A-11D0-8D11-00A0C91BC942}") = "HWDB1", "HWDB\HWDB.vcxproj", "{1506C6D5-E18E-4A42-8B42-FABE6C0FC63F}"
EndProject
Project("{8BC9CEB8-8B4A-11D0-8D11-00A0C91BC942}") = "OLHWDB1", "OLHWDB\OLHWDB.vcxproj", "{EFA1D540-80D9-42E1-A4AE-C6055C003E4C}"
EndProject
Project("{8BC9CEB8-8B4A-11D0-8D11-00A0C91BC942}") = "Task1", "Task1\Task1.vcxproj", "{5DAF577E-BD02-4773-8E46-EF0CD09BDE9A}"
EndProject
Global
	GlobalSection(SolutionConfigurationPlatforms) = preSolution
		Debug|x64 = Debug|x64
		Debug|x86 = Debug|x86
		Release|x64 = Release|x64
		Release|x86 = Release|x86
	EndGlobalSection
	GlobalSection(ProjectConfigurationPlatforms) = postSolution
		{1506C6D5-E18E-4A42-8B42-FABE6C0FC63F}.Debug|x64.ActiveCfg = Debug|x64
		{1506C6D5-E18E-4A42-8B42-FABE6C0FC63F}.Debug|x64.Build.0 = Debug|x64
		{1506C6D5-E18E-4A42-8B42-FABE6C0FC63F}.Debug|x86.ActiveCfg = Debug|Win32
		{1506C6D5-E18E-4A42-8B42-FABE6C0FC63F}.Debug|x86.Build.0 = Debug|Win32
		{1506C6D5-E18E-4A42-8B42-FABE6C0FC63F}.Release|x64.ActiveCfg = Release|x64
		{1506C6D5-E18E-4A42-8B42-FABE6C0FC63F}.Release|x64.Build.0 = Release|x64
		{1506C6D5-E18E-4A42-8B42-FABE6C0FC63F}.Release|x86.ActiveCfg = Release|Win32
		{1506C6D5-E18E-4A42-8B42-FABE6C0FC63F}.Release|x86.Build.0 = Release|Win32
		{EFA1D540-80D9-42E1-A4AE-C6055C003E4C}.Debug|x64.ActiveCfg = Debug|x64
		{EFA1D540-80D9-42E1-A4AE-C6055C003E4C}.Debug|x64.Build.0 = Debug|x64
		{EFA1D540-80D9-42E1-A4AE-C6055C003E4C}.Debug|x86.ActiveCfg = Debug|Win32
		{EFA1D540-80D9-42E1-A4AE-C6055C003E4C}.Debug|x86.Build.0 = Debug|Win32
		{EFA1D540-80D9-42E1-A4AE-C6055C003E4C}.Release|x64.ActiveCfg = Release|x64
		{EFA1D540-80D9-42E1-A4AE-C6055C003E4C}.Release|x64.Build.0 = Release|x64
		{EFA1D540-80D9-42E1-A4AE-C6055C003E4C}.Release|x86.ActiveCfg = Release|Win32
		{EFA1D540-80D9-42E1-A4AE-C6055C003E4C}.Release|x86.Build.0 = Release|Win32
		{5DAF577E-BD02-4773-8E46-EF0CD09BDE9A}.Debug|x64.ActiveCfg = Debug|x64
		{5DAF577E-BD02-4773-8E46-EF0CD09BDE9A}.Debug|x64.Build.0 = Debug|x64
		{5DAF577E-BD02-4773-8E46-EF0CD09BDE9A}.Debug|x86.ActiveCfg = Debug|Win32
		{5DAF577E-BD02-4773-8E46-EF0CD09BDE9A}.Debug|x86.Build.0 = Debug|Win32
		{5DAF577E-BD02-4773-8E46-EF0CD09BDE9A}.Release|x64.ActiveCfg = Release|x64
		{5DAF577E-BD02-4773-8E46-EF0CD09BDE9A}.Release|x64.Build.0 = Release|x64
		{5DAF577E-BD02-4773-8E46-EF0CD09BDE9A}.Release|x86.ActiveCfg = Release|Win32
		{5DAF577E-BD02-4773-8E46-EF0CD09BDE9A}.Release|x86.Build.0 = Release|Win32
	EndGlobalSection
	GlobalSection(SolutionProperties) = preSolution
		HideSolutionNode = FALSE
	EndGlobalSection
	GlobalSection(ExtensibilityGlobals) = postSolution
		SolutionGuid = {95661438-F797-4F31-AAB1-F3B55EC831A2}
	EndGlobalSection
EndGlobal
